
Microsoft Visual Studio Solution File, Format Version 12.00
# Visual Studio Version 17
VisualStudioVersion = 17.8.34322.80
MinimumVisualStudioVersion = 10.0.40219.1
Project("{FAE04EC0-301F-11D3-BF4B-00C04F79EFBC}") = "Ali_Express.Models", "Ali_Express.Models\Ali_Express.Models.csproj", "{135D4A1B-FB3F-44B7-B107-BDB81D62DF8E}"
EndProject
Project("{FAE04EC0-301F-11D3-BF4B-00C04F79EFBC}") = "Ali_Express.Context", "..\Ali_Express.Context\Ali_Express.Context.csproj", "{CDB43564-CCF9-4B96-BACC-2C395184E193}"
EndProject
Project("{FAE04EC0-301F-11D3-BF4B-00C04F79EFBC}") = "Ali_Express.API", "..\Ali_Express.API\Ali_Express.API.csproj", "{1310297C-1BAE-4273-9EBD-0E10A705C06D}"
EndProject
Global
	GlobalSection(SolutionConfigurationPlatforms) = preSolution
		Debug|Any CPU = Debug|Any CPU
		Release|Any CPU = Release|Any CPU
	EndGlobalSection
	GlobalSection(ProjectConfigurationPlatforms) = postSolution
		{135D4A1B-FB3F-44B7-B107-BDB81D62DF8E}.Debug|Any CPU.ActiveCfg = Debug|Any CPU
		{135D4A1B-FB3F-44B7-B107-BDB81D62DF8E}.Debug|Any CPU.Build.0 = Debug|Any CPU
		{135D4A1B-FB3F-44B7-B107-BDB81D62DF8E}.Release|Any CPU.ActiveCfg = Release|Any CPU
		{135D4A1B-FB3F-44B7-B107-BDB81D62DF8E}.Release|Any CPU.Build.0 = Release|Any CPU
		{CDB43564-CCF9-4B96-BACC-2C395184E193}.Debug|Any CPU.ActiveCfg = Debug|Any CPU
		{CDB43564-CCF9-4B96-BACC-2C395184E193}.Debug|Any CPU.Build.0 = Debug|Any CPU
		{CDB43564-CCF9-4B96-BACC-2C395184E193}.Release|Any CPU.ActiveCfg = Release|Any CPU
		{CDB43564-CCF9-4B96-BACC-2C395184E193}.Release|Any CPU.Build.0 = Release|Any CPU
		{1310297C-1BAE-4273-9EBD-0E10A705C06D}.Debug|Any CPU.ActiveCfg = Debug|Any CPU
		{1310297C-1BAE-4273-9EBD-0E10A705C06D}.Debug|Any CPU.Build.0 = Debug|Any CPU
		{1310297C-1BAE-4273-9EBD-0E10A705C06D}.Release|Any CPU.ActiveCfg = Release|Any CPU
		{1310297C-1BAE-4273-9EBD-0E10A705C06D}.Release|Any CPU.Build.0 = Release|Any CPU
	EndGlobalSection
	GlobalSection(SolutionProperties) = preSolution
		HideSolutionNode = FALSE
	EndGlobalSection
	GlobalSection(ExtensibilityGlobals) = postSolution
		SolutionGuid = {A05D70BB-AB5B-48D9-88EC-E0764C9923CF}
	EndGlobalSection
EndGlobal
